{
  "name": "career-compass",
  "lockfileVersion": 2,
  "requires": true,
  "packages": {},
  "dependencies": {
    "react": {
      "version": "18.2.0",
      "resolved": "",
      "integrity": ""
    },
    "react-dom": {
      "version": "18.2.0",
      "resolved": "",
      "integrity": ""
    },
    "react-scripts": {
      "version": "5.0.1",
      "resolved": "",
      "integrity": ""
    },
    "tailwindcss": {
      "version": "3.3.2",
      "resolved": "",
      "integrity": ""
    },
    "postcss": {
      "version": "8.4.21",
      "resolved": "",
      "integrity": ""
    },
    "autoprefixer": {
      "version": "10.4.14",
      "resolved": "",
      "integrity": ""
    },
    "lucide-react": {
      "version": "0.263.0",
      "resolved": "",
      "integrity": ""
    }
  }
}